
Microsoft Visual Studio Solution File, Format Version 12.00
# Visual Studio Version 16
VisualStudioVersion = 16.0.28803.352
MinimumVisualStudioVersion = 10.0.40219.1
Project("{2150E333-8FDC-42A3-9474-1A3956D46DE8}") = "vbh_comm", "vbh_comm", "{A14FBAFB-4A58-4ACF-A82C-82500ABDFDB9}"
EndProject
Project("{2150E333-8FDC-42A3-9474-1A3956D46DE8}") = "vbh_server", "vbh_server", "{CF657FCD-E470-487D-9F2C-45DA8D772020}"
EndProject
Project("{8BC9CEB8-8B4A-11D0-8D11-00A0C91BC942}") = "vbh_comm", "vbh_comm\vbh_comm.vcxproj", "{45D67A15-3F79-404D-B6F8-6C7CAE8C6408}"
EndProject
Project("{2150E333-8FDC-42A3-9474-1A3956D46DE8}") = "vbh_server_comm", "vbh_server_comm", "{6A4B968E-9AD1-4B59-BDE7-3B31AE3D785D}"
EndProject
Project("{2150E333-8FDC-42A3-9474-1A3956D46DE8}") = "cc", "cc", "{20628DD3-766F-418F-95FC-15C7FA92CC3A}"
EndProject
Project("{2150E333-8FDC-42A3-9474-1A3956D46DE8}") = "committer", "committer", "{C33F2A6D-8A97-4AF5-A78A-D777059AAAA5}"
EndProject
Project("{2150E333-8FDC-42A3-9474-1A3956D46DE8}") = "endorser", "endorser", "{024D2A09-4213-42CA-A06B-48FD377F14AB}"
EndProject
Project("{8BC9CEB8-8B4A-11D0-8D11-00A0C91BC942}") = "vbh_server_comm", "vbh_server\vbh_server_comm\vbh_server_comm.vcxproj", "{81BE75BF-F4EB-40B1-86E4-9C3BAB874C45}"
EndProject
Project("{8BC9CEB8-8B4A-11D0-8D11-00A0C91BC942}") = "cc_app", "vbh_server\cc\cc_app\cc_app.vcxproj", "{68BB6418-F53D-4BD3-9AA5-609BEFD92B4B}"
EndProject
Project("{2150E333-8FDC-42A3-9474-1A3956D46DE8}") = "plugin", "plugin", "{A9F4933B-B0DB-4DF6-B3FB-8170362BCFD5}"
EndProject
Project("{2150E333-8FDC-42A3-9474-1A3956D46DE8}") = "plugin", "plugin", "{D0B66129-8722-471B-91B1-BA8EC23B9123}"
EndProject
Project("{8BC9CEB8-8B4A-11D0-8D11-00A0C91BC942}") = "end_app", "vbh_server\endorser\end_app\end_app.vcxproj", "{DC21E9E2-7861-40D1-AC85-BB1BB28AE9AC}"
EndProject
Project("{8BC9CEB8-8B4A-11D0-8D11-00A0C91BC942}") = "end_ces", "vbh_server\endorser\plugin\end_ces\end_ces.vcxproj", "{BA38AC2C-B32F-4589-9EB9-F910200616F4}"
EndProject
Project("{8BC9CEB8-8B4A-11D0-8D11-00A0C91BC942}") = "end_comm", "vbh_server\endorser\plugin\end_comm\end_comm.vcxproj", "{B0F58EC2-1193-4BF4-BD98-545083D6A326}"
EndProject
Project("{8BC9CEB8-8B4A-11D0-8D11-00A0C91BC942}") = "end_tas", "vbh_server\endorser\plugin\end_tas\end_tas.vcxproj", "{0E826676-AACF-4D4F-BA0B-F7329F232B43}"
EndProject
Project("{8BC9CEB8-8B4A-11D0-8D11-00A0C91BC942}") = "com_app", "vbh_server\committer\com_app\com_app.vcxproj", "{F5445AAD-2991-48D1-BCCE-A54821933415}"
EndProject
Project("{8BC9CEB8-8B4A-11D0-8D11-00A0C91BC942}") = "com_cs", "vbh_server\committer\plugin\com_cs\com_cs.vcxproj", "{A2929747-42F4-402F-9337-CF54452F72DA}"
EndProject
Project("{8BC9CEB8-8B4A-11D0-8D11-00A0C91BC942}") = "cc_comm", "vbh_server\cc\cc_comm\cc_comm.vcxproj", "{AD5DAEF4-FBC0-4D5C-AF87-675A82C3F4F9}"
EndProject
Project("{2150E333-8FDC-42A3-9474-1A3956D46DE8}") = "tools", "tools", "{5949700A-D9D3-4CF1-BE5C-21A192BD1AA1}"
EndProject
Project("{2150E333-8FDC-42A3-9474-1A3956D46DE8}") = "outer_cc", "outer_cc", "{C265A8F0-6E7C-4020-9399-95367A374A5D}"
EndProject
Project("{8BC9CEB8-8B4A-11D0-8D11-00A0C91BC942}") = "vbh_load_outer_cc_client", "tools\vbh_load_outer_cc\vbh_load_outer_cc_client.vcxproj", "{248B83B1-5838-483E-A516-2430B78C4EAF}"
EndProject
Project("{8BC9CEB8-8B4A-11D0-8D11-00A0C91BC942}") = "vbh_func_test_cc", "outer_cc\vbh_func_test_cc\vbh_func_test_cc.vcxproj", "{48EA5E50-42D3-405F-AE18-E4F34485BF53}"
EndProject
Global
	GlobalSection(SolutionConfigurationPlatforms) = preSolution
		Debug|ARM = Debug|ARM
		Debug|ARM64 = Debug|ARM64
		Debug|x64 = Debug|x64
		Debug|x86 = Debug|x86
		MinSizeRel|ARM = MinSizeRel|ARM
		MinSizeRel|ARM64 = MinSizeRel|ARM64
		MinSizeRel|x64 = MinSizeRel|x64
		MinSizeRel|x86 = MinSizeRel|x86
		Release|ARM = Release|ARM
		Release|ARM64 = Release|ARM64
		Release|x64 = Release|x64
		Release|x86 = Release|x86
		RelWithDebInfo|ARM = RelWithDebInfo|ARM
		RelWithDebInfo|ARM64 = RelWithDebInfo|ARM64
		RelWithDebInfo|x64 = RelWithDebInfo|x64
		RelWithDebInfo|x86 = RelWithDebInfo|x86
	EndGlobalSection
	GlobalSection(ProjectConfigurationPlatforms) = postSolution
		{45D67A15-3F79-404D-B6F8-6C7CAE8C6408}.Debug|ARM.ActiveCfg = Debug|Win32
		{45D67A15-3F79-404D-B6F8-6C7CAE8C6408}.Debug|ARM64.ActiveCfg = Debug|Win32
		{45D67A15-3F79-404D-B6F8-6C7CAE8C6408}.Debug|x64.ActiveCfg = Debug|x64
		{45D67A15-3F79-404D-B6F8-6C7CAE8C6408}.Debug|x64.Build.0 = Debug|x64
		{45D67A15-3F79-404D-B6F8-6C7CAE8C6408}.Debug|x86.ActiveCfg = Debug|Win32
		{45D67A15-3F79-404D-B6F8-6C7CAE8C6408}.Debug|x86.Build.0 = Debug|Win32
		{45D67A15-3F79-404D-B6F8-6C7CAE8C6408}.MinSizeRel|ARM.ActiveCfg = Release|Win32
		{45D67A15-3F79-404D-B6F8-6C7CAE8C6408}.MinSizeRel|ARM.Build.0 = Release|Win32
		{45D67A15-3F79-404D-B6F8-6C7CAE8C6408}.MinSizeRel|ARM64.ActiveCfg = Release|Win32
		{45D67A15-3F79-404D-B6F8-6C7CAE8C6408}.MinSizeRel|ARM64.Build.0 = Release|Win32
		{45D67A15-3F79-404D-B6F8-6C7CAE8C6408}.MinSizeRel|x64.ActiveCfg = Release|x64
		{45D67A15-3F79-404D-B6F8-6C7CAE8C6408}.MinSizeRel|x64.Build.0 = Release|x64
		{45D67A15-3F79-404D-B6F8-6C7CAE8C6408}.MinSizeRel|x86.ActiveCfg = Release|Win32
		{45D67A15-3F79-404D-B6F8-6C7CAE8C6408}.MinSizeRel|x86.Build.0 = Release|Win32
		{45D67A15-3F79-404D-B6F8-6C7CAE8C6408}.Release|ARM.ActiveCfg = Release|Win32
		{45D67A15-3F79-404D-B6F8-6C7CAE8C6408}.Release|ARM64.ActiveCfg = Release|Win32
		{45D67A15-3F79-404D-B6F8-6C7CAE8C6408}.Release|x64.ActiveCfg = Release|x64
		{45D67A15-3F79-404D-B6F8-6C7CAE8C6408}.Release|x64.Build.0 = Release|x64
		{45D67A15-3F79-404D-B6F8-6C7CAE8C6408}.Release|x86.ActiveCfg = Release|Win32
		{45D67A15-3F79-404D-B6F8-6C7CAE8C6408}.Release|x86.Build.0 = Release|Win32
		{45D67A15-3F79-404D-B6F8-6C7CAE8C6408}.RelWithDebInfo|ARM.ActiveCfg = Release|Win32
		{45D67A15-3F79-404D-B6F8-6C7CAE8C6408}.RelWithDebInfo|ARM.Build.0 = Release|Win32
		{45D67A15-3F79-404D-B6F8-6C7CAE8C6408}.RelWithDebInfo|ARM64.ActiveCfg = Release|Win32
		{45D67A15-3F79-404D-B6F8-6C7CAE8C6408}.RelWithDebInfo|ARM64.Build.0 = Release|Win32
		{45D67A15-3F79-404D-B6F8-6C7CAE8C6408}.RelWithDebInfo|x64.ActiveCfg = Release|x64
		{45D67A15-3F79-404D-B6F8-6C7CAE8C6408}.RelWithDebInfo|x64.Build.0 = Release|x64
		{45D67A15-3F79-404D-B6F8-6C7CAE8C6408}.RelWithDebInfo|x86.ActiveCfg = Release|Win32
		{45D67A15-3F79-404D-B6F8-6C7CAE8C6408}.RelWithDebInfo|x86.Build.0 = Release|Win32
		{81BE75BF-F4EB-40B1-86E4-9C3BAB874C45}.Debug|ARM.ActiveCfg = Debug|Win32
		{81BE75BF-F4EB-40B1-86E4-9C3BAB874C45}.Debug|ARM64.ActiveCfg = Debug|Win32
		{81BE75BF-F4EB-40B1-86E4-9C3BAB874C45}.Debug|x64.ActiveCfg = Debug|x64
		{81BE75BF-F4EB-40B1-86E4-9C3BAB874C45}.Debug|x64.Build.0 = Debug|x64
		{81BE75BF-F4EB-40B1-86E4-9C3BAB874C45}.Debug|x86.ActiveCfg = Debug|Win32
		{81BE75BF-F4EB-40B1-86E4-9C3BAB874C45}.Debug|x86.Build.0 = Debug|Win32
		{81BE75BF-F4EB-40B1-86E4-9C3BAB874C45}.MinSizeRel|ARM.ActiveCfg = Release|Win32
		{81BE75BF-F4EB-40B1-86E4-9C3BAB874C45}.MinSizeRel|ARM.Build.0 = Release|Win32
		{81BE75BF-F4EB-40B1-86E4-9C3BAB874C45}.MinSizeRel|ARM64.ActiveCfg = Release|Win32
		{81BE75BF-F4EB-40B1-86E4-9C3BAB874C45}.MinSizeRel|ARM64.Build.0 = Release|Win32
		{81BE75BF-F4EB-40B1-86E4-9C3BAB874C45}.MinSizeRel|x64.ActiveCfg = Release|x64
		{81BE75BF-F4EB-40B1-86E4-9C3BAB874C45}.MinSizeRel|x64.Build.0 = Release|x64
		{81BE75BF-F4EB-40B1-86E4-9C3BAB874C45}.MinSizeRel|x86.ActiveCfg = Release|Win32
		{81BE75BF-F4EB-40B1-86E4-9C3BAB874C45}.MinSizeRel|x86.Build.0 = Release|Win32
		{81BE75BF-F4EB-40B1-86E4-9C3BAB874C45}.Release|ARM.ActiveCfg = Release|Win32
		{81BE75BF-F4EB-40B1-86E4-9C3BAB874C45}.Release|ARM64.ActiveCfg = Release|Win32
		{81BE75BF-F4EB-40B1-86E4-9C3BAB874C45}.Release|x64.ActiveCfg = Release|x64
		{81BE75BF-F4EB-40B1-86E4-9C3BAB874C45}.Release|x64.Build.0 = Release|x64
		{81BE75BF-F4EB-40B1-86E4-9C3BAB874C45}.Release|x86.ActiveCfg = Release|Win32
		{81BE75BF-F4EB-40B1-86E4-9C3BAB874C45}.Release|x86.Build.0 = Release|Win32
		{81BE75BF-F4EB-40B1-86E4-9C3BAB874C45}.RelWithDebInfo|ARM.ActiveCfg = Release|Win32
		{81BE75BF-F4EB-40B1-86E4-9C3BAB874C45}.RelWithDebInfo|ARM.Build.0 = Release|Win32
		{81BE75BF-F4EB-40B1-86E4-9C3BAB874C45}.RelWithDebInfo|ARM64.ActiveCfg = Release|Win32
		{81BE75BF-F4EB-40B1-86E4-9C3BAB874C45}.RelWithDebInfo|ARM64.Build.0 = Release|Win32
		{81BE75BF-F4EB-40B1-86E4-9C3BAB874C45}.RelWithDebInfo|x64.ActiveCfg = Release|x64
		{81BE75BF-F4EB-40B1-86E4-9C3BAB874C45}.RelWithDebInfo|x64.Build.0 = Release|x64
		{81BE75BF-F4EB-40B1-86E4-9C3BAB874C45}.RelWithDebInfo|x86.ActiveCfg = Release|Win32
		{81BE75BF-F4EB-40B1-86E4-9C3BAB874C45}.RelWithDebInfo|x86.Build.0 = Release|Win32
		{68BB6418-F53D-4BD3-9AA5-609BEFD92B4B}.Debug|ARM.ActiveCfg = Debug|Win32
		{68BB6418-F53D-4BD3-9AA5-609BEFD92B4B}.Debug|ARM64.ActiveCfg = Debug|Win32
		{68BB6418-F53D-4BD3-9AA5-609BEFD92B4B}.Debug|x64.ActiveCfg = Debug|x64
		{68BB6418-F53D-4BD3-9AA5-609BEFD92B4B}.Debug|x64.Build.0 = Debug|x64
		{68BB6418-F53D-4BD3-9AA5-609BEFD92B4B}.Debug|x86.ActiveCfg = Debug|Win32
		{68BB6418-F53D-4BD3-9AA5-609BEFD92B4B}.Debug|x86.Build.0 = Debug|Win32
		{68BB6418-F53D-4BD3-9AA5-609BEFD92B4B}.MinSizeRel|ARM.ActiveCfg = Release|Win32
		{68BB6418-F53D-4BD3-9AA5-609BEFD92B4B}.MinSizeRel|ARM.Build.0 = Release|Win32
		{68BB6418-F53D-4BD3-9AA5-609BEFD92B4B}.MinSizeRel|ARM64.ActiveCfg = Release|Win32
		{68BB6418-F53D-4BD3-9AA5-609BEFD92B4B}.MinSizeRel|ARM64.Build.0 = Release|Win32
		{68BB6418-F53D-4BD3-9AA5-609BEFD92B4B}.MinSizeRel|x64.ActiveCfg = Release|x64
		{68BB6418-F53D-4BD3-9AA5-609BEFD92B4B}.MinSizeRel|x64.Build.0 = Release|x64
		{68BB6418-F53D-4BD3-9AA5-609BEFD92B4B}.MinSizeRel|x86.ActiveCfg = Release|Win32
		{68BB6418-F53D-4BD3-9AA5-609BEFD92B4B}.MinSizeRel|x86.Build.0 = Release|Win32
		{68BB6418-F53D-4BD3-9AA5-609BEFD92B4B}.Release|ARM.ActiveCfg = Release|Win32
		{68BB6418-F53D-4BD3-9AA5-609BEFD92B4B}.Release|ARM64.ActiveCfg = Release|Win32
		{68BB6418-F53D-4BD3-9AA5-609BEFD92B4B}.Release|x64.ActiveCfg = Release|x64
		{68BB6418-F53D-4BD3-9AA5-609BEFD92B4B}.Release|x64.Build.0 = Release|x64
		{68BB6418-F53D-4BD3-9AA5-609BEFD92B4B}.Release|x86.ActiveCfg = Release|Win32
		{68BB6418-F53D-4BD3-9AA5-609BEFD92B4B}.Release|x86.Build.0 = Release|Win32
		{68BB6418-F53D-4BD3-9AA5-609BEFD92B4B}.RelWithDebInfo|ARM.ActiveCfg = Release|Win32
		{68BB6418-F53D-4BD3-9AA5-609BEFD92B4B}.RelWithDebInfo|ARM.Build.0 = Release|Win32
		{68BB6418-F53D-4BD3-9AA5-609BEFD92B4B}.RelWithDebInfo|ARM64.ActiveCfg = Release|Win32
		{68BB6418-F53D-4BD3-9AA5-609BEFD92B4B}.RelWithDebInfo|ARM64.Build.0 = Release|Win32
		{68BB6418-F53D-4BD3-9AA5-609BEFD92B4B}.RelWithDebInfo|x64.ActiveCfg = Release|x64
		{68BB6418-F53D-4BD3-9AA5-609BEFD92B4B}.RelWithDebInfo|x64.Build.0 = Release|x64
		{68BB6418-F53D-4BD3-9AA5-609BEFD92B4B}.RelWithDebInfo|x86.ActiveCfg = Release|Win32
		{68BB6418-F53D-4BD3-9AA5-609BEFD92B4B}.RelWithDebInfo|x86.Build.0 = Release|Win32
		{DC21E9E2-7861-40D1-AC85-BB1BB28AE9AC}.Debug|ARM.ActiveCfg = Debug|Win32
		{DC21E9E2-7861-40D1-AC85-BB1BB28AE9AC}.Debug|ARM64.ActiveCfg = Debug|Win32
		{DC21E9E2-7861-40D1-AC85-BB1BB28AE9AC}.Debug|x64.ActiveCfg = Debug|x64
		{DC21E9E2-7861-40D1-AC85-BB1BB28AE9AC}.Debug|x64.Build.0 = Debug|x64
		{DC21E9E2-7861-40D1-AC85-BB1BB28AE9AC}.Debug|x86.ActiveCfg = Debug|Win32
		{DC21E9E2-7861-40D1-AC85-BB1BB28AE9AC}.Debug|x86.Build.0 = Debug|Win32
		{DC21E9E2-7861-40D1-AC85-BB1BB28AE9AC}.MinSizeRel|ARM.ActiveCfg = Release|Win32
		{DC21E9E2-7861-40D1-AC85-BB1BB28AE9AC}.MinSizeRel|ARM.Build.0 = Release|Win32
		{DC21E9E2-7861-40D1-AC85-BB1BB28AE9AC}.MinSizeRel|ARM64.ActiveCfg = Release|Win32
		{DC21E9E2-7861-40D1-AC85-BB1BB28AE9AC}.MinSizeRel|ARM64.Build.0 = Release|Win32
		{DC21E9E2-7861-40D1-AC85-BB1BB28AE9AC}.MinSizeRel|x64.ActiveCfg = Release|x64
		{DC21E9E2-7861-40D1-AC85-BB1BB28AE9AC}.MinSizeRel|x64.Build.0 = Release|x64
		{DC21E9E2-7861-40D1-AC85-BB1BB28AE9AC}.MinSizeRel|x86.ActiveCfg = Release|Win32
		{DC21E9E2-7861-40D1-AC85-BB1BB28AE9AC}.MinSizeRel|x86.Build.0 = Release|Win32
		{DC21E9E2-7861-40D1-AC85-BB1BB28AE9AC}.Release|ARM.ActiveCfg = Release|Win32
		{DC21E9E2-7861-40D1-AC85-BB1BB28AE9AC}.Release|ARM64.ActiveCfg = Release|Win32
		{DC21E9E2-7861-40D1-AC85-BB1BB28AE9AC}.Release|x64.ActiveCfg = Release|x64
		{DC21E9E2-7861-40D1-AC85-BB1BB28AE9AC}.Release|x64.Build.0 = Release|x64
		{DC21E9E2-7861-40D1-AC85-BB1BB28AE9AC}.Release|x86.ActiveCfg = Release|Win32
		{DC21E9E2-7861-40D1-AC85-BB1BB28AE9AC}.Release|x86.Build.0 = Release|Win32
		{DC21E9E2-7861-40D1-AC85-BB1BB28AE9AC}.RelWithDebInfo|ARM.ActiveCfg = Release|Win32
		{DC21E9E2-7861-40D1-AC85-BB1BB28AE9AC}.RelWithDebInfo|ARM.Build.0 = Release|Win32
		{DC21E9E2-7861-40D1-AC85-BB1BB28AE9AC}.RelWithDebInfo|ARM64.ActiveCfg = Release|Win32
		{DC21E9E2-7861-40D1-AC85-BB1BB28AE9AC}.RelWithDebInfo|ARM64.Build.0 = Release|Win32
		{DC21E9E2-7861-40D1-AC85-BB1BB28AE9AC}.RelWithDebInfo|x64.ActiveCfg = Release|x64
		{DC21E9E2-7861-40D1-AC85-BB1BB28AE9AC}.RelWithDebInfo|x64.Build.0 = Release|x64
		{DC21E9E2-7861-40D1-AC85-BB1BB28AE9AC}.RelWithDebInfo|x86.ActiveCfg = Release|Win32
		{DC21E9E2-7861-40D1-AC85-BB1BB28AE9AC}.RelWithDebInfo|x86.Build.0 = Release|Win32
		{BA38AC2C-B32F-4589-9EB9-F910200616F4}.Debug|ARM.ActiveCfg = Debug|Win32
		{BA38AC2C-B32F-4589-9EB9-F910200616F4}.Debug|ARM64.ActiveCfg = Debug|Win32
		{BA38AC2C-B32F-4589-9EB9-F910200616F4}.Debug|x64.ActiveCfg = Debug|x64
		{BA38AC2C-B32F-4589-9EB9-F910200616F4}.Debug|x64.Build.0 = Debug|x64
		{BA38AC2C-B32F-4589-9EB9-F910200616F4}.Debug|x86.ActiveCfg = Debug|Win32
		{BA38AC2C-B32F-4589-9EB9-F910200616F4}.Debug|x86.Build.0 = Debug|Win32
		{BA38AC2C-B32F-4589-9EB9-F910200616F4}.MinSizeRel|ARM.ActiveCfg = Release|Win32
		{BA38AC2C-B32F-4589-9EB9-F910200616F4}.MinSizeRel|ARM.Build.0 = Release|Win32
		{BA38AC2C-B32F-4589-9EB9-F910200616F4}.MinSizeRel|ARM64.ActiveCfg = Release|Win32
		{BA38AC2C-B32F-4589-9EB9-F910200616F4}.MinSizeRel|ARM64.Build.0 = Release|Win32
		{BA38AC2C-B32F-4589-9EB9-F910200616F4}.MinSizeRel|x64.ActiveCfg = Release|x64
		{BA38AC2C-B32F-4589-9EB9-F910200616F4}.MinSizeRel|x64.Build.0 = Release|x64
		{BA38AC2C-B32F-4589-9EB9-F910200616F4}.MinSizeRel|x86.ActiveCfg = Release|Win32
		{BA38AC2C-B32F-4589-9EB9-F910200616F4}.MinSizeRel|x86.Build.0 = Release|Win32
		{BA38AC2C-B32F-4589-9EB9-F910200616F4}.Release|ARM.ActiveCfg = Release|Win32
		{BA38AC2C-B32F-4589-9EB9-F910200616F4}.Release|ARM64.ActiveCfg = Release|Win32
		{BA38AC2C-B32F-4589-9EB9-F910200616F4}.Release|x64.ActiveCfg = Release|x64
		{BA38AC2C-B32F-4589-9EB9-F910200616F4}.Release|x64.Build.0 = Release|x64
		{BA38AC2C-B32F-4589-9EB9-F910200616F4}.Release|x86.ActiveCfg = Release|Win32
		{BA38AC2C-B32F-4589-9EB9-F910200616F4}.Release|x86.Build.0 = Release|Win32
		{BA38AC2C-B32F-4589-9EB9-F910200616F4}.RelWithDebInfo|ARM.ActiveCfg = Release|Win32
		{BA38AC2C-B32F-4589-9EB9-F910200616F4}.RelWithDebInfo|ARM.Build.0 = Release|Win32
		{BA38AC2C-B32F-4589-9EB9-F910200616F4}.RelWithDebInfo|ARM64.ActiveCfg = Release|Win32
		{BA38AC2C-B32F-4589-9EB9-F910200616F4}.RelWithDebInfo|ARM64.Build.0 = Release|Win32
		{BA38AC2C-B32F-4589-9EB9-F910200616F4}.RelWithDebInfo|x64.ActiveCfg = Release|x64
		{BA38AC2C-B32F-4589-9EB9-F910200616F4}.RelWithDebInfo|x64.Build.0 = Release|x64
		{BA38AC2C-B32F-4589-9EB9-F910200616F4}.RelWithDebInfo|x86.ActiveCfg = Release|Win32
		{BA38AC2C-B32F-4589-9EB9-F910200616F4}.RelWithDebInfo|x86.Build.0 = Release|Win32
		{B0F58EC2-1193-4BF4-BD98-545083D6A326}.Debug|ARM.ActiveCfg = Debug|Win32
		{B0F58EC2-1193-4BF4-BD98-545083D6A326}.Debug|ARM64.ActiveCfg = Debug|Win32
		{B0F58EC2-1193-4BF4-BD98-545083D6A326}.Debug|x64.ActiveCfg = Debug|x64
		{B0F58EC2-1193-4BF4-BD98-545083D6A326}.Debug|x64.Build.0 = Debug|x64
		{B0F58EC2-1193-4BF4-BD98-545083D6A326}.Debug|x86.ActiveCfg = Debug|Win32
		{B0F58EC2-1193-4BF4-BD98-545083D6A326}.Debug|x86.Build.0 = Debug|Win32
		{B0F58EC2-1193-4BF4-BD98-545083D6A326}.MinSizeRel|ARM.ActiveCfg = Release|Win32
		{B0F58EC2-1193-4BF4-BD98-545083D6A326}.MinSizeRel|ARM.Build.0 = Release|Win32
		{B0F58EC2-1193-4BF4-BD98-545083D6A326}.MinSizeRel|ARM64.ActiveCfg = Release|Win32
		{B0F58EC2-1193-4BF4-BD98-545083D6A326}.MinSizeRel|ARM64.Build.0 = Release|Win32
		{B0F58EC2-1193-4BF4-BD98-545083D6A326}.MinSizeRel|x64.ActiveCfg = Release|x64
		{B0F58EC2-1193-4BF4-BD98-545083D6A326}.MinSizeRel|x64.Build.0 = Release|x64
		{B0F58EC2-1193-4BF4-BD98-545083D6A326}.MinSizeRel|x86.ActiveCfg = Release|Win32
		{B0F58EC2-1193-4BF4-BD98-545083D6A326}.MinSizeRel|x86.Build.0 = Release|Win32
		{B0F58EC2-1193-4BF4-BD98-545083D6A326}.Release|ARM.ActiveCfg = Release|Win32
		{B0F58EC2-1193-4BF4-BD98-545083D6A326}.Release|ARM64.ActiveCfg = Release|Win32
		{B0F58EC2-1193-4BF4-BD98-545083D6A326}.Release|x64.ActiveCfg = Release|x64
		{B0F58EC2-1193-4BF4-BD98-545083D6A326}.Release|x64.Build.0 = Release|x64
		{B0F58EC2-1193-4BF4-BD98-545083D6A326}.Release|x86.ActiveCfg = Release|Win32
		{B0F58EC2-1193-4BF4-BD98-545083D6A326}.Release|x86.Build.0 = Release|Win32
		{B0F58EC2-1193-4BF4-BD98-545083D6A326}.RelWithDebInfo|ARM.ActiveCfg = Release|Win32
		{B0F58EC2-1193-4BF4-BD98-545083D6A326}.RelWithDebInfo|ARM.Build.0 = Release|Win32
		{B0F58EC2-1193-4BF4-BD98-545083D6A326}.RelWithDebInfo|ARM64.ActiveCfg = Release|Win32
		{B0F58EC2-1193-4BF4-BD98-545083D6A326}.RelWithDebInfo|ARM64.Build.0 = Release|Win32
		{B0F58EC2-1193-4BF4-BD98-545083D6A326}.RelWithDebInfo|x64.ActiveCfg = Release|x64
		{B0F58EC2-1193-4BF4-BD98-545083D6A326}.RelWithDebInfo|x64.Build.0 = Release|x64
		{B0F58EC2-1193-4BF4-BD98-545083D6A326}.RelWithDebInfo|x86.ActiveCfg = Release|Win32
		{B0F58EC2-1193-4BF4-BD98-545083D6A326}.RelWithDebInfo|x86.Build.0 = Release|Win32
		{0E826676-AACF-4D4F-BA0B-F7329F232B43}.Debug|ARM.ActiveCfg = Debug|Win32
		{0E826676-AACF-4D4F-BA0B-F7329F232B43}.Debug|ARM64.ActiveCfg = Debug|Win32
		{0E826676-AACF-4D4F-BA0B-F7329F232B43}.Debug|x64.ActiveCfg = Debug|x64
		{0E826676-AACF-4D4F-BA0B-F7329F232B43}.Debug|x64.Build.0 = Debug|x64
		{0E826676-AACF-4D4F-BA0B-F7329F232B43}.Debug|x86.ActiveCfg = Debug|Win32
		{0E826676-AACF-4D4F-BA0B-F7329F232B43}.Debug|x86.Build.0 = Debug|Win32
		{0E826676-AACF-4D4F-BA0B-F7329F232B43}.MinSizeRel|ARM.ActiveCfg = Release|Win32
		{0E826676-AACF-4D4F-BA0B-F7329F232B43}.MinSizeRel|ARM.Build.0 = Release|Win32
		{0E826676-AACF-4D4F-BA0B-F7329F232B43}.MinSizeRel|ARM64.ActiveCfg = Release|Win32
		{0E826676-AACF-4D4F-BA0B-F7329F232B43}.MinSizeRel|ARM64.Build.0 = Release|Win32
		{0E826676-AACF-4D4F-BA0B-F7329F232B43}.MinSizeRel|x64.ActiveCfg = Release|x64
		{0E826676-AACF-4D4F-BA0B-F7329F232B43}.MinSizeRel|x64.Build.0 = Release|x64
		{0E826676-AACF-4D4F-BA0B-F7329F232B43}.MinSizeRel|x86.ActiveCfg = Release|Win32
		{0E826676-AACF-4D4F-BA0B-F7329F232B43}.MinSizeRel|x86.Build.0 = Release|Win32
		{0E826676-AACF-4D4F-BA0B-F7329F232B43}.Release|ARM.ActiveCfg = Release|Win32
		{0E826676-AACF-4D4F-BA0B-F7329F232B43}.Release|ARM64.ActiveCfg = Release|Win32
		{0E826676-AACF-4D4F-BA0B-F7329F232B43}.Release|x64.ActiveCfg = Release|x64
		{0E826676-AACF-4D4F-BA0B-F7329F232B43}.Release|x64.Build.0 = Release|x64
		{0E826676-AACF-4D4F-BA0B-F7329F232B43}.Release|x86.ActiveCfg = Release|Win32
		{0E826676-AACF-4D4F-BA0B-F7329F232B43}.Release|x86.Build.0 = Release|Win32
		{0E826676-AACF-4D4F-BA0B-F7329F232B43}.RelWithDebInfo|ARM.ActiveCfg = Release|Win32
		{0E826676-AACF-4D4F-BA0B-F7329F232B43}.RelWithDebInfo|ARM.Build.0 = Release|Win32
		{0E826676-AACF-4D4F-BA0B-F7329F232B43}.RelWithDebInfo|ARM64.ActiveCfg = Release|Win32
		{0E826676-AACF-4D4F-BA0B-F7329F232B43}.RelWithDebInfo|ARM64.Build.0 = Release|Win32
		{0E826676-AACF-4D4F-BA0B-F7329F232B43}.RelWithDebInfo|x64.ActiveCfg = Release|x64
		{0E826676-AACF-4D4F-BA0B-F7329F232B43}.RelWithDebInfo|x64.Build.0 = Release|x64
		{0E826676-AACF-4D4F-BA0B-F7329F232B43}.RelWithDebInfo|x86.ActiveCfg = Release|Win32
		{0E826676-AACF-4D4F-BA0B-F7329F232B43}.RelWithDebInfo|x86.Build.0 = Release|Win32
		{F5445AAD-2991-48D1-BCCE-A54821933415}.Debug|ARM.ActiveCfg = Debug|Win32
		{F5445AAD-2991-48D1-BCCE-A54821933415}.Debug|ARM64.ActiveCfg = Debug|Win32
		{F5445AAD-2991-48D1-BCCE-A54821933415}.Debug|x64.ActiveCfg = Debug|x64
		{F5445AAD-2991-48D1-BCCE-A54821933415}.Debug|x64.Build.0 = Debug|x64
		{F5445AAD-2991-48D1-BCCE-A54821933415}.Debug|x86.ActiveCfg = Debug|Win32
		{F5445AAD-2991-48D1-BCCE-A54821933415}.Debug|x86.Build.0 = Debug|Win32
		{F5445AAD-2991-48D1-BCCE-A54821933415}.MinSizeRel|ARM.ActiveCfg = Release|Win32
		{F5445AAD-2991-48D1-BCCE-A54821933415}.MinSizeRel|ARM.Build.0 = Release|Win32
		{F5445AAD-2991-48D1-BCCE-A54821933415}.MinSizeRel|ARM64.ActiveCfg = Release|Win32
		{F5445AAD-2991-48D1-BCCE-A54821933415}.MinSizeRel|ARM64.Build.0 = Release|Win32
		{F5445AAD-2991-48D1-BCCE-A54821933415}.MinSizeRel|x64.ActiveCfg = Release|x64
		{F5445AAD-2991-48D1-BCCE-A54821933415}.MinSizeRel|x64.Build.0 = Release|x64
		{F5445AAD-2991-48D1-BCCE-A54821933415}.MinSizeRel|x86.ActiveCfg = Release|Win32
		{F5445AAD-2991-48D1-BCCE-A54821933415}.MinSizeRel|x86.Build.0 = Release|Win32
		{F5445AAD-2991-48D1-BCCE-A54821933415}.Release|ARM.ActiveCfg = Release|Win32
		{F5445AAD-2991-48D1-BCCE-A54821933415}.Release|ARM64.ActiveCfg = Release|Win32
		{F5445AAD-2991-48D1-BCCE-A54821933415}.Release|x64.ActiveCfg = Release|x64
		{F5445AAD-2991-48D1-BCCE-A54821933415}.Release|x64.Build.0 = Release|x64
		{F5445AAD-2991-48D1-BCCE-A54821933415}.Release|x86.ActiveCfg = Release|Win32
		{F5445AAD-2991-48D1-BCCE-A54821933415}.Release|x86.Build.0 = Release|Win32
		{F5445AAD-2991-48D1-BCCE-A54821933415}.RelWithDebInfo|ARM.ActiveCfg = Release|Win32
		{F5445AAD-2991-48D1-BCCE-A54821933415}.RelWithDebInfo|ARM.Build.0 = Release|Win32
		{F5445AAD-2991-48D1-BCCE-A54821933415}.RelWithDebInfo|ARM64.ActiveCfg = Release|Win32
		{F5445AAD-2991-48D1-BCCE-A54821933415}.RelWithDebInfo|ARM64.Build.0 = Release|Win32
		{F5445AAD-2991-48D1-BCCE-A54821933415}.RelWithDebInfo|x64.ActiveCfg = Release|x64
		{F5445AAD-2991-48D1-BCCE-A54821933415}.RelWithDebInfo|x64.Build.0 = Release|x64
		{F5445AAD-2991-48D1-BCCE-A54821933415}.RelWithDebInfo|x86.ActiveCfg = Release|Win32
		{F5445AAD-2991-48D1-BCCE-A54821933415}.RelWithDebInfo|x86.Build.0 = Release|Win32
		{A2929747-42F4-402F-9337-CF54452F72DA}.Debug|ARM.ActiveCfg = Debug|Win32
		{A2929747-42F4-402F-9337-CF54452F72DA}.Debug|ARM64.ActiveCfg = Debug|Win32
		{A2929747-42F4-402F-9337-CF54452F72DA}.Debug|x64.ActiveCfg = Debug|x64
		{A2929747-42F4-402F-9337-CF54452F72DA}.Debug|x64.Build.0 = Debug|x64
		{A2929747-42F4-402F-9337-CF54452F72DA}.Debug|x86.ActiveCfg = Debug|Win32
		{A2929747-42F4-402F-9337-CF54452F72DA}.Debug|x86.Build.0 = Debug|Win32
		{A2929747-42F4-402F-9337-CF54452F72DA}.MinSizeRel|ARM.ActiveCfg = Release|Win32
		{A2929747-42F4-402F-9337-CF54452F72DA}.MinSizeRel|ARM.Build.0 = Release|Win32
		{A2929747-42F4-402F-9337-CF54452F72DA}.MinSizeRel|ARM64.ActiveCfg = Release|Win32
		{A2929747-42F4-402F-9337-CF54452F72DA}.MinSizeRel|ARM64.Build.0 = Release|Win32
		{A2929747-42F4-402F-9337-CF54452F72DA}.MinSizeRel|x64.ActiveCfg = Release|x64
		{A2929747-42F4-402F-9337-CF54452F72DA}.MinSizeRel|x64.Build.0 = Release|x64
		{A2929747-42F4-402F-9337-CF54452F72DA}.MinSizeRel|x86.ActiveCfg = Release|Win32
		{A2929747-42F4-402F-9337-CF54452F72DA}.MinSizeRel|x86.Build.0 = Release|Win32
		{A2929747-42F4-402F-9337-CF54452F72DA}.Release|ARM.ActiveCfg = Release|Win32
		{A2929747-42F4-402F-9337-CF54452F72DA}.Release|ARM64.ActiveCfg = Release|Win32
		{A2929747-42F4-402F-9337-CF54452F72DA}.Release|x64.ActiveCfg = Release|x64
		{A2929747-42F4-402F-9337-CF54452F72DA}.Release|x64.Build.0 = Release|x64
		{A2929747-42F4-402F-9337-CF54452F72DA}.Release|x86.ActiveCfg = Release|Win32
		{A2929747-42F4-402F-9337-CF54452F72DA}.Release|x86.Build.0 = Release|Win32
		{A2929747-42F4-402F-9337-CF54452F72DA}.RelWithDebInfo|ARM.ActiveCfg = Release|Win32
		{A2929747-42F4-402F-9337-CF54452F72DA}.RelWithDebInfo|ARM.Build.0 = Release|Win32
		{A2929747-42F4-402F-9337-CF54452F72DA}.RelWithDebInfo|ARM64.ActiveCfg = Release|Win32
		{A2929747-42F4-402F-9337-CF54452F72DA}.RelWithDebInfo|ARM64.Build.0 = Release|Win32
		{A2929747-42F4-402F-9337-CF54452F72DA}.RelWithDebInfo|x64.ActiveCfg = Release|x64
		{A2929747-42F4-402F-9337-CF54452F72DA}.RelWithDebInfo|x64.Build.0 = Release|x64
		{A2929747-42F4-402F-9337-CF54452F72DA}.RelWithDebInfo|x86.ActiveCfg = Release|Win32
		{A2929747-42F4-402F-9337-CF54452F72DA}.RelWithDebInfo|x86.Build.0 = Release|Win32
		{AD5DAEF4-FBC0-4D5C-AF87-675A82C3F4F9}.Debug|ARM.ActiveCfg = Debug|Win32
		{AD5DAEF4-FBC0-4D5C-AF87-675A82C3F4F9}.Debug|ARM64.ActiveCfg = Debug|Win32
		{AD5DAEF4-FBC0-4D5C-AF87-675A82C3F4F9}.Debug|x64.ActiveCfg = Debug|x64
		{AD5DAEF4-FBC0-4D5C-AF87-675A82C3F4F9}.Debug|x64.Build.0 = Debug|x64
		{AD5DAEF4-FBC0-4D5C-AF87-675A82C3F4F9}.Debug|x86.ActiveCfg = Debug|Win32
		{AD5DAEF4-FBC0-4D5C-AF87-675A82C3F4F9}.Debug|x86.Build.0 = Debug|Win32
		{AD5DAEF4-FBC0-4D5C-AF87-675A82C3F4F9}.MinSizeRel|ARM.ActiveCfg = Release|x64
		{AD5DAEF4-FBC0-4D5C-AF87-675A82C3F4F9}.MinSizeRel|ARM.Build.0 = Release|x64
		{AD5DAEF4-FBC0-4D5C-AF87-675A82C3F4F9}.MinSizeRel|ARM64.ActiveCfg = Release|x64
		{AD5DAEF4-FBC0-4D5C-AF87-675A82C3F4F9}.MinSizeRel|ARM64.Build.0 = Release|x64
		{AD5DAEF4-FBC0-4D5C-AF87-675A82C3F4F9}.MinSizeRel|x64.ActiveCfg = Release|x64
		{AD5DAEF4-FBC0-4D5C-AF87-675A82C3F4F9}.MinSizeRel|x64.Build.0 = Release|x64
		{AD5DAEF4-FBC0-4D5C-AF87-675A82C3F4F9}.MinSizeRel|x86.ActiveCfg = Release|Win32
		{AD5DAEF4-FBC0-4D5C-AF87-675A82C3F4F9}.MinSizeRel|x86.Build.0 = Release|Win32
		{AD5DAEF4-FBC0-4D5C-AF87-675A82C3F4F9}.Release|ARM.ActiveCfg = Release|Win32
		{AD5DAEF4-FBC0-4D5C-AF87-675A82C3F4F9}.Release|ARM64.ActiveCfg = Release|Win32
		{AD5DAEF4-FBC0-4D5C-AF87-675A82C3F4F9}.Release|x64.ActiveCfg = Release|x64
		{AD5DAEF4-FBC0-4D5C-AF87-675A82C3F4F9}.Release|x64.Build.0 = Release|x64
		{AD5DAEF4-FBC0-4D5C-AF87-675A82C3F4F9}.Release|x86.ActiveCfg = Release|Win32
		{AD5DAEF4-FBC0-4D5C-AF87-675A82C3F4F9}.Release|x86.Build.0 = Release|Win32
		{AD5DAEF4-FBC0-4D5C-AF87-675A82C3F4F9}.RelWithDebInfo|ARM.ActiveCfg = Release|x64
		{AD5DAEF4-FBC0-4D5C-AF87-675A82C3F4F9}.RelWithDebInfo|ARM.Build.0 = Release|x64
		{AD5DAEF4-FBC0-4D5C-AF87-675A82C3F4F9}.RelWithDebInfo|ARM64.ActiveCfg = Release|x64
		{AD5DAEF4-FBC0-4D5C-AF87-675A82C3F4F9}.RelWithDebInfo|ARM64.Build.0 = Release|x64
		{AD5DAEF4-FBC0-4D5C-AF87-675A82C3F4F9}.RelWithDebInfo|x64.ActiveCfg = Release|x64
		{AD5DAEF4-FBC0-4D5C-AF87-675A82C3F4F9}.RelWithDebInfo|x64.Build.0 = Release|x64
		{AD5DAEF4-FBC0-4D5C-AF87-675A82C3F4F9}.RelWithDebInfo|x86.ActiveCfg = Release|Win32
		{AD5DAEF4-FBC0-4D5C-AF87-675A82C3F4F9}.RelWithDebInfo|x86.Build.0 = Release|Win32
		{248B83B1-5838-483E-A516-2430B78C4EAF}.Debug|ARM.ActiveCfg = Debug|Win32
		{248B83B1-5838-483E-A516-2430B78C4EAF}.Debug|ARM64.ActiveCfg = Debug|Win32
		{248B83B1-5838-483E-A516-2430B78C4EAF}.Debug|x64.ActiveCfg = Debug|x64
		{248B83B1-5838-483E-A516-2430B78C4EAF}.Debug|x64.Build.0 = Debug|x64
		{248B83B1-5838-483E-A516-2430B78C4EAF}.Debug|x86.ActiveCfg = Debug|Win32
		{248B83B1-5838-483E-A516-2430B78C4EAF}.Debug|x86.Build.0 = Debug|Win32
		{248B83B1-5838-483E-A516-2430B78C4EAF}.MinSizeRel|ARM.ActiveCfg = Release|x64
		{248B83B1-5838-483E-A516-2430B78C4EAF}.MinSizeRel|ARM.Build.0 = Release|x64
		{248B83B1-5838-483E-A516-2430B78C4EAF}.MinSizeRel|ARM64.ActiveCfg = Release|x64
		{248B83B1-5838-483E-A516-2430B78C4EAF}.MinSizeRel|ARM64.Build.0 = Release|x64
		{248B83B1-5838-483E-A516-2430B78C4EAF}.MinSizeRel|x64.ActiveCfg = Release|x64
		{248B83B1-5838-483E-A516-2430B78C4EAF}.MinSizeRel|x64.Build.0 = Release|x64
		{248B83B1-5838-483E-A516-2430B78C4EAF}.MinSizeRel|x86.ActiveCfg = Release|Win32
		{248B83B1-5838-483E-A516-2430B78C4EAF}.MinSizeRel|x86.Build.0 = Release|Win32
		{248B83B1-5838-483E-A516-2430B78C4EAF}.Release|ARM.ActiveCfg = Release|Win32
		{248B83B1-5838-483E-A516-2430B78C4EAF}.Release|ARM64.ActiveCfg = Release|Win32
		{248B83B1-5838-483E-A516-2430B78C4EAF}.Release|x64.ActiveCfg = Release|x64
		{248B83B1-5838-483E-A516-2430B78C4EAF}.Release|x64.Build.0 = Release|x64
		{248B83B1-5838-483E-A516-2430B78C4EAF}.Release|x86.ActiveCfg = Release|Win32
		{248B83B1-5838-483E-A516-2430B78C4EAF}.Release|x86.Build.0 = Release|Win32
		{248B83B1-5838-483E-A516-2430B78C4EAF}.RelWithDebInfo|ARM.ActiveCfg = Release|x64
		{248B83B1-5838-483E-A516-2430B78C4EAF}.RelWithDebInfo|ARM.Build.0 = Release|x64
		{248B83B1-5838-483E-A516-2430B78C4EAF}.RelWithDebInfo|ARM64.ActiveCfg = Release|x64
		{248B83B1-5838-483E-A516-2430B78C4EAF}.RelWithDebInfo|ARM64.Build.0 = Release|x64
		{248B83B1-5838-483E-A516-2430B78C4EAF}.RelWithDebInfo|x64.ActiveCfg = Release|x64
		{248B83B1-5838-483E-A516-2430B78C4EAF}.RelWithDebInfo|x64.Build.0 = Release|x64
		{248B83B1-5838-483E-A516-2430B78C4EAF}.RelWithDebInfo|x86.ActiveCfg = Release|Win32
		{248B83B1-5838-483E-A516-2430B78C4EAF}.RelWithDebInfo|x86.Build.0 = Release|Win32
		{48EA5E50-42D3-405F-AE18-E4F34485BF53}.Debug|ARM.ActiveCfg = Debug|Win32
		{48EA5E50-42D3-405F-AE18-E4F34485BF53}.Debug|ARM64.ActiveCfg = Debug|Win32
		{48EA5E50-42D3-405F-AE18-E4F34485BF53}.Debug|x64.ActiveCfg = Debug|x64
		{48EA5E50-42D3-405F-AE18-E4F34485BF53}.Debug|x64.Build.0 = Debug|x64
		{48EA5E50-42D3-405F-AE18-E4F34485BF53}.Debug|x86.ActiveCfg = Debug|Win32
		{48EA5E50-42D3-405F-AE18-E4F34485BF53}.Debug|x86.Build.0 = Debug|Win32
		{48EA5E50-42D3-405F-AE18-E4F34485BF53}.MinSizeRel|ARM.ActiveCfg = Release|x64
		{48EA5E50-42D3-405F-AE18-E4F34485BF53}.MinSizeRel|ARM.Build.0 = Release|x64
		{48EA5E50-42D3-405F-AE18-E4F34485BF53}.MinSizeRel|ARM64.ActiveCfg = Release|x64
		{48EA5E50-42D3-405F-AE18-E4F34485BF53}.MinSizeRel|ARM64.Build.0 = Release|x64
		{48EA5E50-42D3-405F-AE18-E4F34485BF53}.MinSizeRel|x64.ActiveCfg = Release|x64
		{48EA5E50-42D3-405F-AE18-E4F34485BF53}.MinSizeRel|x64.Build.0 = Release|x64
		{48EA5E50-42D3-405F-AE18-E4F34485BF53}.MinSizeRel|x86.ActiveCfg = Release|Win32
		{48EA5E50-42D3-405F-AE18-E4F34485BF53}.MinSizeRel|x86.Build.0 = Release|Win32
		{48EA5E50-42D3-405F-AE18-E4F34485BF53}.Release|ARM.ActiveCfg = Release|Win32
		{48EA5E50-42D3-405F-AE18-E4F34485BF53}.Release|ARM64.ActiveCfg = Release|Win32
		{48EA5E50-42D3-405F-AE18-E4F34485BF53}.Release|x64.ActiveCfg = Release|x64
		{48EA5E50-42D3-405F-AE18-E4F34485BF53}.Release|x64.Build.0 = Release|x64
		{48EA5E50-42D3-405F-AE18-E4F34485BF53}.Release|x86.ActiveCfg = Release|Win32
		{48EA5E50-42D3-405F-AE18-E4F34485BF53}.Release|x86.Build.0 = Release|Win32
		{48EA5E50-42D3-405F-AE18-E4F34485BF53}.RelWithDebInfo|ARM.ActiveCfg = Release|x64
		{48EA5E50-42D3-405F-AE18-E4F34485BF53}.RelWithDebInfo|ARM.Build.0 = Release|x64
		{48EA5E50-42D3-405F-AE18-E4F34485BF53}.RelWithDebInfo|ARM64.ActiveCfg = Release|x64
		{48EA5E50-42D3-405F-AE18-E4F34485BF53}.RelWithDebInfo|ARM64.Build.0 = Release|x64
		{48EA5E50-42D3-405F-AE18-E4F34485BF53}.RelWithDebInfo|x64.ActiveCfg = Release|x64
		{48EA5E50-42D3-405F-AE18-E4F34485BF53}.RelWithDebInfo|x64.Build.0 = Release|x64
		{48EA5E50-42D3-405F-AE18-E4F34485BF53}.RelWithDebInfo|x86.ActiveCfg = Release|Win32
		{48EA5E50-42D3-405F-AE18-E4F34485BF53}.RelWithDebInfo|x86.Build.0 = Release|Win32
	EndGlobalSection
	GlobalSection(SolutionProperties) = preSolution
		HideSolutionNode = FALSE
	EndGlobalSection
	GlobalSection(NestedProjects) = preSolution
		{45D67A15-3F79-404D-B6F8-6C7CAE8C6408} = {A14FBAFB-4A58-4ACF-A82C-82500ABDFDB9}
		{6A4B968E-9AD1-4B59-BDE7-3B31AE3D785D} = {CF657FCD-E470-487D-9F2C-45DA8D772020}
		{20628DD3-766F-418F-95FC-15C7FA92CC3A} = {CF657FCD-E470-487D-9F2C-45DA8D772020}
		{C33F2A6D-8A97-4AF5-A78A-D777059AAAA5} = {CF657FCD-E470-487D-9F2C-45DA8D772020}
		{024D2A09-4213-42CA-A06B-48FD377F14AB} = {CF657FCD-E470-487D-9F2C-45DA8D772020}
		{81BE75BF-F4EB-40B1-86E4-9C3BAB874C45} = {6A4B968E-9AD1-4B59-BDE7-3B31AE3D785D}
		{68BB6418-F53D-4BD3-9AA5-609BEFD92B4B} = {20628DD3-766F-418F-95FC-15C7FA92CC3A}
		{A9F4933B-B0DB-4DF6-B3FB-8170362BCFD5} = {C33F2A6D-8A97-4AF5-A78A-D777059AAAA5}
		{D0B66129-8722-471B-91B1-BA8EC23B9123} = {024D2A09-4213-42CA-A06B-48FD377F14AB}
		{DC21E9E2-7861-40D1-AC85-BB1BB28AE9AC} = {024D2A09-4213-42CA-A06B-48FD377F14AB}
		{BA38AC2C-B32F-4589-9EB9-F910200616F4} = {D0B66129-8722-471B-91B1-BA8EC23B9123}
		{B0F58EC2-1193-4BF4-BD98-545083D6A326} = {D0B66129-8722-471B-91B1-BA8EC23B9123}
		{0E826676-AACF-4D4F-BA0B-F7329F232B43} = {D0B66129-8722-471B-91B1-BA8EC23B9123}
		{F5445AAD-2991-48D1-BCCE-A54821933415} = {C33F2A6D-8A97-4AF5-A78A-D777059AAAA5}
		{A2929747-42F4-402F-9337-CF54452F72DA} = {A9F4933B-B0DB-4DF6-B3FB-8170362BCFD5}
		{AD5DAEF4-FBC0-4D5C-AF87-675A82C3F4F9} = {20628DD3-766F-418F-95FC-15C7FA92CC3A}
		{248B83B1-5838-483E-A516-2430B78C4EAF} = {5949700A-D9D3-4CF1-BE5C-21A192BD1AA1}
		{48EA5E50-42D3-405F-AE18-E4F34485BF53} = {C265A8F0-6E7C-4020-9399-95367A374A5D}
	EndGlobalSection
	GlobalSection(ExtensibilityGlobals) = postSolution
		SolutionGuid = {25CD4B8C-5847-4405-ACD0-52460BB380D1}
	EndGlobalSection
	GlobalSection(Performance) = preSolution
		HasPerformanceSessions = true
	EndGlobalSection
EndGlobal
